
Microsoft Visual Studio Solution File, Format Version 12.00
# Visual Studio Version 17
VisualStudioVersion = 17.8.34330.188
MinimumVisualStudioVersion = 10.0.40219.1
Project("{FAE04EC0-301F-11D3-BF4B-00C04F79EFBC}") = "WebAPI", "WebAPI\WebAPI.csproj", "{F83624A1-CFBC-4711-BCCB-4F5242EFED98}"
EndProject
Global
	GlobalSection(SolutionConfigurationPlatforms) = preSolution
		Debug|Any CPU = Debug|Any CPU
		Release|Any CPU = Release|Any CPU
	EndGlobalSection
	GlobalSection(ProjectConfigurationPlatforms) = postSolution
		{F83624A1-CFBC-4711-BCCB-4F5242EFED98}.Debug|Any CPU.ActiveCfg = Debug|Any CPU
		{F83624A1-CFBC-4711-BCCB-4F5242EFED98}.Debug|Any CPU.Build.0 = Debug|Any CPU
		{F83624A1-CFBC-4711-BCCB-4F5242EFED98}.Release|Any CPU.ActiveCfg = Release|Any CPU
		{F83624A1-CFBC-4711-BCCB-4F5242EFED98}.Release|Any CPU.Build.0 = Release|Any CPU
	EndGlobalSection
	GlobalSection(SolutionProperties) = preSolution
		HideSolutionNode = FALSE
	EndGlobalSection
	GlobalSection(ExtensibilityGlobals) = postSolution
		SolutionGuid = {7DC77CD6-B057-44AB-93CD-315AE3A1344A}
	EndGlobalSection
EndGlobal
